
Microsoft Visual Studio Solution File, Format Version 12.00
# Visual Studio Version 17
VisualStudioVersion = 17.13.35919.96 d17.13
MinimumVisualStudioVersion = 10.0.40219.1
Project("{FAE04EC0-301F-11D3-BF4B-00C04F79EFBC}") = "easyLib.Debug", "src\easyLib.Debug\easyLib.Debug.csproj", "{2A053431-27B4-4D6E-8A7A-81F03972D4AD}"
EndProject
Global
	GlobalSection(SolutionConfigurationPlatforms) = preSolution
		Debug|Any CPU = Debug|Any CPU
		Release|Any CPU = Release|Any CPU
	EndGlobalSection
	GlobalSection(ProjectConfigurationPlatforms) = postSolution
		{2A053431-27B4-4D6E-8A7A-81F03972D4AD}.Debug|Any CPU.ActiveCfg = Debug|Any CPU
		{2A053431-27B4-4D6E-8A7A-81F03972D4AD}.Debug|Any CPU.Build.0 = Debug|Any CPU
		{2A053431-27B4-4D6E-8A7A-81F03972D4AD}.Release|Any CPU.ActiveCfg = Release|Any CPU
		{2A053431-27B4-4D6E-8A7A-81F03972D4AD}.Release|Any CPU.Build.0 = Release|Any CPU
	EndGlobalSection
	GlobalSection(SolutionProperties) = preSolution
		HideSolutionNode = FALSE
	EndGlobalSection
	GlobalSection(ExtensibilityGlobals) = postSolution
		SolutionGuid = {2ED6CA23-5982-463B-96C4-447A91013848}
	EndGlobalSection
EndGlobal
